
Microsoft Visual Studio Solution File, Format Version 12.00
# Visual Studio 2013
VisualStudioVersion = 12.0.30501.0
MinimumVisualStudioVersion = 10.0.40219.1
Project("{2150E333-8FDC-42A3-9474-1A3956D46DE8}") = "Cactus.Services", "Cactus.Services", "{4933AD32-E621-4C1F-B4C7-DA582246B6D2}"
	ProjectSection(SolutionItems) = preProject
		说明.txt = 说明.txt
	EndProjectSection
EndProject
Project("{FAE04EC0-301F-11D3-BF4B-00C04F79EFBC}") = "Cactus.Controllers", "Cactus.Controllers\Cactus.Controllers.csproj", "{4DD2CA28-DB22-44EE-8780-3835ABCCE44C}"
EndProject
Project("{FAE04EC0-301F-11D3-BF4B-00C04F79EFBC}") = "Cactus.Common", "Cactus.Common\Cactus.Common.csproj", "{3DE44C87-8F84-4595-B588-AC6B0A5AF8FE}"
EndProject
Project("{FAE04EC0-301F-11D3-BF4B-00C04F79EFBC}") = "Cactus.Model", "Cactus.Model\Cactus.Model.csproj", "{A0B12F00-F361-4002-ABBD-5186749E218F}"
EndProject
Project("{FAE04EC0-301F-11D3-BF4B-00C04F79EFBC}") = "Cactus.IService", "Cactus.IService\Cactus.IService.csproj", "{CCFD427B-78C8-4C3F-A235-E376373CAF33}"
EndProject
Project("{FAE04EC0-301F-11D3-BF4B-00C04F79EFBC}") = "Cactus.MSSQLService", "Cactus.MSSQLService\Cactus.MSSQLService.csproj", "{4C19174D-41B2-4BE6-946F-D87A2CB88A84}"
EndProject
Project("{FAE04EC0-301F-11D3-BF4B-00C04F79EFBC}") = "Cactus.MySQLService", "Cactus.MySQLService\Cactus.MySQLService.csproj", "{AC759AC7-DCCE-4582-A908-F0EF54ADF4E5}"
EndProject
Project("{FAE04EC0-301F-11D3-BF4B-00C04F79EFBC}") = "Cactus.Web", "Cactus.Web\Cactus.Web.csproj", "{A5A5E1A0-8B6F-4AF5-A0FA-97D435482E7E}"
EndProject
Project("{FAE04EC0-301F-11D3-BF4B-00C04F79EFBC}") = "Cactus.Test", "Cactus.Test\Cactus.Test.csproj", "{646B9BBC-D6AE-4C08-AB88-5DAF59146AEC}"
EndProject
Project("{FAE04EC0-301F-11D3-BF4B-00C04F79EFBC}") = "Cactus.SQLiteService", "Cactus.SQLiteService\Cactus.SQLiteService.csproj", "{7E94E3D9-F98F-4087-AF34-BD40642EE2DC}"
EndProject
Project("{FAE04EC0-301F-11D3-BF4B-00C04F79EFBC}") = "Cactus.PostgreSQLService", "Cactus.PostgreSQLService\Cactus.PostgreSQLService.csproj", "{F07B71EB-9D67-4AA5-AC7B-FBE392229085}"
EndProject
Project("{FAE04EC0-301F-11D3-BF4B-00C04F79EFBC}") = "Cactus.KAnalyze", "Cactus.KAnalyze\Cactus.KAnalyze.csproj", "{28A693A5-3197-4F34-AFBB-67D08F68D30F}"
EndProject
Project("{FAE04EC0-301F-11D3-BF4B-00C04F79EFBC}") = "Cactus.Crond", "Cactus.Crond\Cactus.Crond.csproj", "{81DF353D-429F-4B0B-926F-C8B623D0335A}"
EndProject
Project("{FAE04EC0-301F-11D3-BF4B-00C04F79EFBC}") = "Cactus.BaseService", "Cactus.BaseService\Cactus.BaseService.csproj", "{61EEE871-388E-4C17-91F6-B55E25C9EF1E}"
EndProject
Global
	GlobalSection(SolutionConfigurationPlatforms) = preSolution
		Debug|Any CPU = Debug|Any CPU
		Debug|x86 = Debug|x86
		Linux|Any CPU = Linux|Any CPU
		Linux|x86 = Linux|x86
		Release|Any CPU = Release|Any CPU
		Release|x86 = Release|x86
	EndGlobalSection
	GlobalSection(ProjectConfigurationPlatforms) = postSolution
		{4DD2CA28-DB22-44EE-8780-3835ABCCE44C}.Debug|Any CPU.ActiveCfg = Debug|Any CPU
		{4DD2CA28-DB22-44EE-8780-3835ABCCE44C}.Debug|Any CPU.Build.0 = Debug|Any CPU
		{4DD2CA28-DB22-44EE-8780-3835ABCCE44C}.Debug|x86.ActiveCfg = Debug|Any CPU
		{4DD2CA28-DB22-44EE-8780-3835ABCCE44C}.Linux|Any CPU.ActiveCfg = Linux|Any CPU
		{4DD2CA28-DB22-44EE-8780-3835ABCCE44C}.Linux|Any CPU.Build.0 = Linux|Any CPU
		{4DD2CA28-DB22-44EE-8780-3835ABCCE44C}.Linux|x86.ActiveCfg = Linux|Any CPU
		{4DD2CA28-DB22-44EE-8780-3835ABCCE44C}.Linux|x86.Build.0 = Linux|Any CPU
		{4DD2CA28-DB22-44EE-8780-3835ABCCE44C}.Release|Any CPU.ActiveCfg = Release|Any CPU
		{4DD2CA28-DB22-44EE-8780-3835ABCCE44C}.Release|Any CPU.Build.0 = Release|Any CPU
		{4DD2CA28-DB22-44EE-8780-3835ABCCE44C}.Release|x86.ActiveCfg = Release|Any CPU
		{3DE44C87-8F84-4595-B588-AC6B0A5AF8FE}.Debug|Any CPU.ActiveCfg = Debug|Any CPU
		{3DE44C87-8F84-4595-B588-AC6B0A5AF8FE}.Debug|Any CPU.Build.0 = Debug|Any CPU
		{3DE44C87-8F84-4595-B588-AC6B0A5AF8FE}.Debug|x86.ActiveCfg = Debug|Any CPU
		{3DE44C87-8F84-4595-B588-AC6B0A5AF8FE}.Linux|Any CPU.ActiveCfg = Linux|Any CPU
		{3DE44C87-8F84-4595-B588-AC6B0A5AF8FE}.Linux|Any CPU.Build.0 = Linux|Any CPU
		{3DE44C87-8F84-4595-B588-AC6B0A5AF8FE}.Linux|x86.ActiveCfg = Linux|Any CPU
		{3DE44C87-8F84-4595-B588-AC6B0A5AF8FE}.Linux|x86.Build.0 = Linux|Any CPU
		{3DE44C87-8F84-4595-B588-AC6B0A5AF8FE}.Linux|x86.Deploy.0 = Linux|Any CPU
		{3DE44C87-8F84-4595-B588-AC6B0A5AF8FE}.Release|Any CPU.ActiveCfg = Release|Any CPU
		{3DE44C87-8F84-4595-B588-AC6B0A5AF8FE}.Release|Any CPU.Build.0 = Release|Any CPU
		{3DE44C87-8F84-4595-B588-AC6B0A5AF8FE}.Release|x86.ActiveCfg = Release|Any CPU
		{A0B12F00-F361-4002-ABBD-5186749E218F}.Debug|Any CPU.ActiveCfg = Debug|Any CPU
		{A0B12F00-F361-4002-ABBD-5186749E218F}.Debug|Any CPU.Build.0 = Debug|Any CPU
		{A0B12F00-F361-4002-ABBD-5186749E218F}.Debug|x86.ActiveCfg = Debug|Any CPU
		{A0B12F00-F361-4002-ABBD-5186749E218F}.Linux|Any CPU.ActiveCfg = Linux|Any CPU
		{A0B12F00-F361-4002-ABBD-5186749E218F}.Linux|Any CPU.Build.0 = Linux|Any CPU
		{A0B12F00-F361-4002-ABBD-5186749E218F}.Linux|x86.ActiveCfg = Linux|Any CPU
		{A0B12F00-F361-4002-ABBD-5186749E218F}.Linux|x86.Build.0 = Linux|Any CPU
		{A0B12F00-F361-4002-ABBD-5186749E218F}.Release|Any CPU.ActiveCfg = Release|Any CPU
		{A0B12F00-F361-4002-ABBD-5186749E218F}.Release|Any CPU.Build.0 = Release|Any CPU
		{A0B12F00-F361-4002-ABBD-5186749E218F}.Release|x86.ActiveCfg = Release|Any CPU
		{CCFD427B-78C8-4C3F-A235-E376373CAF33}.Debug|Any CPU.ActiveCfg = Debug|Any CPU
		{CCFD427B-78C8-4C3F-A235-E376373CAF33}.Debug|Any CPU.Build.0 = Debug|Any CPU
		{CCFD427B-78C8-4C3F-A235-E376373CAF33}.Debug|x86.ActiveCfg = Debug|Any CPU
		{CCFD427B-78C8-4C3F-A235-E376373CAF33}.Linux|Any CPU.ActiveCfg = Linux|Any CPU
		{CCFD427B-78C8-4C3F-A235-E376373CAF33}.Linux|Any CPU.Build.0 = Linux|Any CPU
		{CCFD427B-78C8-4C3F-A235-E376373CAF33}.Linux|x86.ActiveCfg = Linux|Any CPU
		{CCFD427B-78C8-4C3F-A235-E376373CAF33}.Linux|x86.Build.0 = Linux|Any CPU
		{CCFD427B-78C8-4C3F-A235-E376373CAF33}.Release|Any CPU.ActiveCfg = Release|Any CPU
		{CCFD427B-78C8-4C3F-A235-E376373CAF33}.Release|Any CPU.Build.0 = Release|Any CPU
		{CCFD427B-78C8-4C3F-A235-E376373CAF33}.Release|x86.ActiveCfg = Release|Any CPU
		{4C19174D-41B2-4BE6-946F-D87A2CB88A84}.Debug|Any CPU.ActiveCfg = Debug|Any CPU
		{4C19174D-41B2-4BE6-946F-D87A2CB88A84}.Debug|Any CPU.Build.0 = Debug|Any CPU
		{4C19174D-41B2-4BE6-946F-D87A2CB88A84}.Debug|x86.ActiveCfg = Debug|Any CPU
		{4C19174D-41B2-4BE6-946F-D87A2CB88A84}.Linux|Any CPU.ActiveCfg = Linux|Any CPU
		{4C19174D-41B2-4BE6-946F-D87A2CB88A84}.Linux|Any CPU.Build.0 = Linux|Any CPU
		{4C19174D-41B2-4BE6-946F-D87A2CB88A84}.Linux|x86.ActiveCfg = Linux|Any CPU
		{4C19174D-41B2-4BE6-946F-D87A2CB88A84}.Linux|x86.Build.0 = Linux|Any CPU
		{4C19174D-41B2-4BE6-946F-D87A2CB88A84}.Release|Any CPU.ActiveCfg = Release|Any CPU
		{4C19174D-41B2-4BE6-946F-D87A2CB88A84}.Release|Any CPU.Build.0 = Release|Any CPU
		{4C19174D-41B2-4BE6-946F-D87A2CB88A84}.Release|x86.ActiveCfg = Release|Any CPU
		{AC759AC7-DCCE-4582-A908-F0EF54ADF4E5}.Debug|Any CPU.ActiveCfg = Debug|Any CPU
		{AC759AC7-DCCE-4582-A908-F0EF54ADF4E5}.Debug|Any CPU.Build.0 = Debug|Any CPU
		{AC759AC7-DCCE-4582-A908-F0EF54ADF4E5}.Debug|x86.ActiveCfg = Debug|Any CPU
		{AC759AC7-DCCE-4582-A908-F0EF54ADF4E5}.Linux|Any CPU.ActiveCfg = Linux|Any CPU
		{AC759AC7-DCCE-4582-A908-F0EF54ADF4E5}.Linux|Any CPU.Build.0 = Linux|Any CPU
		{AC759AC7-DCCE-4582-A908-F0EF54ADF4E5}.Linux|x86.ActiveCfg = Linux|Any CPU
		{AC759AC7-DCCE-4582-A908-F0EF54ADF4E5}.Linux|x86.Build.0 = Linux|Any CPU
		{AC759AC7-DCCE-4582-A908-F0EF54ADF4E5}.Release|Any CPU.ActiveCfg = Release|Any CPU
		{AC759AC7-DCCE-4582-A908-F0EF54ADF4E5}.Release|Any CPU.Build.0 = Release|Any CPU
		{AC759AC7-DCCE-4582-A908-F0EF54ADF4E5}.Release|x86.ActiveCfg = Release|Any CPU
		{A5A5E1A0-8B6F-4AF5-A0FA-97D435482E7E}.Debug|Any CPU.ActiveCfg = Debug|Any CPU
		{A5A5E1A0-8B6F-4AF5-A0FA-97D435482E7E}.Debug|Any CPU.Build.0 = Debug|Any CPU
		{A5A5E1A0-8B6F-4AF5-A0FA-97D435482E7E}.Debug|x86.ActiveCfg = Debug|Any CPU
		{A5A5E1A0-8B6F-4AF5-A0FA-97D435482E7E}.Linux|Any CPU.ActiveCfg = Linux|Any CPU
		{A5A5E1A0-8B6F-4AF5-A0FA-97D435482E7E}.Linux|Any CPU.Build.0 = Linux|Any CPU
		{A5A5E1A0-8B6F-4AF5-A0FA-97D435482E7E}.Linux|x86.ActiveCfg = Linux|Any CPU
		{A5A5E1A0-8B6F-4AF5-A0FA-97D435482E7E}.Linux|x86.Build.0 = Linux|Any CPU
		{A5A5E1A0-8B6F-4AF5-A0FA-97D435482E7E}.Release|Any CPU.ActiveCfg = Release|Any CPU
		{A5A5E1A0-8B6F-4AF5-A0FA-97D435482E7E}.Release|Any CPU.Build.0 = Release|Any CPU
		{A5A5E1A0-8B6F-4AF5-A0FA-97D435482E7E}.Release|x86.ActiveCfg = Release|Any CPU
		{646B9BBC-D6AE-4C08-AB88-5DAF59146AEC}.Debug|Any CPU.ActiveCfg = Debug|Any CPU
		{646B9BBC-D6AE-4C08-AB88-5DAF59146AEC}.Debug|Any CPU.Build.0 = Debug|Any CPU
		{646B9BBC-D6AE-4C08-AB88-5DAF59146AEC}.Debug|x86.ActiveCfg = Debug|x86
		{646B9BBC-D6AE-4C08-AB88-5DAF59146AEC}.Debug|x86.Build.0 = Debug|x86
		{646B9BBC-D6AE-4C08-AB88-5DAF59146AEC}.Linux|Any CPU.ActiveCfg = Linux|Any CPU
		{646B9BBC-D6AE-4C08-AB88-5DAF59146AEC}.Linux|Any CPU.Build.0 = Linux|Any CPU
		{646B9BBC-D6AE-4C08-AB88-5DAF59146AEC}.Linux|x86.ActiveCfg = Linux|Any CPU
		{646B9BBC-D6AE-4C08-AB88-5DAF59146AEC}.Linux|x86.Build.0 = Linux|Any CPU
		{646B9BBC-D6AE-4C08-AB88-5DAF59146AEC}.Release|Any CPU.ActiveCfg = Release|Any CPU
		{646B9BBC-D6AE-4C08-AB88-5DAF59146AEC}.Release|Any CPU.Build.0 = Release|Any CPU
		{646B9BBC-D6AE-4C08-AB88-5DAF59146AEC}.Release|x86.ActiveCfg = Release|x86
		{646B9BBC-D6AE-4C08-AB88-5DAF59146AEC}.Release|x86.Build.0 = Release|x86
		{7E94E3D9-F98F-4087-AF34-BD40642EE2DC}.Debug|Any CPU.ActiveCfg = Debug|Any CPU
		{7E94E3D9-F98F-4087-AF34-BD40642EE2DC}.Debug|Any CPU.Build.0 = Debug|Any CPU
		{7E94E3D9-F98F-4087-AF34-BD40642EE2DC}.Debug|x86.ActiveCfg = Debug|Any CPU
		{7E94E3D9-F98F-4087-AF34-BD40642EE2DC}.Linux|Any CPU.ActiveCfg = Linux|Any CPU
		{7E94E3D9-F98F-4087-AF34-BD40642EE2DC}.Linux|Any CPU.Build.0 = Linux|Any CPU
		{7E94E3D9-F98F-4087-AF34-BD40642EE2DC}.Linux|x86.ActiveCfg = Linux|Any CPU
		{7E94E3D9-F98F-4087-AF34-BD40642EE2DC}.Linux|x86.Build.0 = Linux|Any CPU
		{7E94E3D9-F98F-4087-AF34-BD40642EE2DC}.Release|Any CPU.ActiveCfg = Release|Any CPU
		{7E94E3D9-F98F-4087-AF34-BD40642EE2DC}.Release|Any CPU.Build.0 = Release|Any CPU
		{7E94E3D9-F98F-4087-AF34-BD40642EE2DC}.Release|x86.ActiveCfg = Release|Any CPU
		{F07B71EB-9D67-4AA5-AC7B-FBE392229085}.Debug|Any CPU.ActiveCfg = Debug|Any CPU
		{F07B71EB-9D67-4AA5-AC7B-FBE392229085}.Debug|Any CPU.Build.0 = Debug|Any CPU
		{F07B71EB-9D67-4AA5-AC7B-FBE392229085}.Debug|x86.ActiveCfg = Debug|Any CPU
		{F07B71EB-9D67-4AA5-AC7B-FBE392229085}.Linux|Any CPU.ActiveCfg = Release|Any CPU
		{F07B71EB-9D67-4AA5-AC7B-FBE392229085}.Linux|Any CPU.Build.0 = Release|Any CPU
		{F07B71EB-9D67-4AA5-AC7B-FBE392229085}.Linux|x86.ActiveCfg = Release|Any CPU
		{F07B71EB-9D67-4AA5-AC7B-FBE392229085}.Release|Any CPU.ActiveCfg = Release|Any CPU
		{F07B71EB-9D67-4AA5-AC7B-FBE392229085}.Release|Any CPU.Build.0 = Release|Any CPU
		{F07B71EB-9D67-4AA5-AC7B-FBE392229085}.Release|x86.ActiveCfg = Release|Any CPU
		{28A693A5-3197-4F34-AFBB-67D08F68D30F}.Debug|Any CPU.ActiveCfg = Debug|Any CPU
		{28A693A5-3197-4F34-AFBB-67D08F68D30F}.Debug|Any CPU.Build.0 = Debug|Any CPU
		{28A693A5-3197-4F34-AFBB-67D08F68D30F}.Debug|x86.ActiveCfg = Debug|Any CPU
		{28A693A5-3197-4F34-AFBB-67D08F68D30F}.Linux|Any CPU.ActiveCfg = Release|Any CPU
		{28A693A5-3197-4F34-AFBB-67D08F68D30F}.Linux|Any CPU.Build.0 = Release|Any CPU
		{28A693A5-3197-4F34-AFBB-67D08F68D30F}.Linux|x86.ActiveCfg = Release|Any CPU
		{28A693A5-3197-4F34-AFBB-67D08F68D30F}.Release|Any CPU.ActiveCfg = Release|Any CPU
		{28A693A5-3197-4F34-AFBB-67D08F68D30F}.Release|Any CPU.Build.0 = Release|Any CPU
		{28A693A5-3197-4F34-AFBB-67D08F68D30F}.Release|x86.ActiveCfg = Release|Any CPU
		{81DF353D-429F-4B0B-926F-C8B623D0335A}.Debug|Any CPU.ActiveCfg = Debug|Any CPU
		{81DF353D-429F-4B0B-926F-C8B623D0335A}.Debug|Any CPU.Build.0 = Debug|Any CPU
		{81DF353D-429F-4B0B-926F-C8B623D0335A}.Debug|x86.ActiveCfg = Debug|Any CPU
		{81DF353D-429F-4B0B-926F-C8B623D0335A}.Linux|Any CPU.ActiveCfg = Release|Any CPU
		{81DF353D-429F-4B0B-926F-C8B623D0335A}.Linux|Any CPU.Build.0 = Release|Any CPU
		{81DF353D-429F-4B0B-926F-C8B623D0335A}.Linux|x86.ActiveCfg = Release|Any CPU
		{81DF353D-429F-4B0B-926F-C8B623D0335A}.Release|Any CPU.ActiveCfg = Release|Any CPU
		{81DF353D-429F-4B0B-926F-C8B623D0335A}.Release|Any CPU.Build.0 = Release|Any CPU
		{81DF353D-429F-4B0B-926F-C8B623D0335A}.Release|x86.ActiveCfg = Release|Any CPU
		{61EEE871-388E-4C17-91F6-B55E25C9EF1E}.Debug|Any CPU.ActiveCfg = Debug|Any CPU
		{61EEE871-388E-4C17-91F6-B55E25C9EF1E}.Debug|Any CPU.Build.0 = Debug|Any CPU
		{61EEE871-388E-4C17-91F6-B55E25C9EF1E}.Debug|x86.ActiveCfg = Debug|Any CPU
		{61EEE871-388E-4C17-91F6-B55E25C9EF1E}.Linux|Any CPU.ActiveCfg = Release|Any CPU
		{61EEE871-388E-4C17-91F6-B55E25C9EF1E}.Linux|Any CPU.Build.0 = Release|Any CPU
		{61EEE871-388E-4C17-91F6-B55E25C9EF1E}.Linux|x86.ActiveCfg = Release|Any CPU
		{61EEE871-388E-4C17-91F6-B55E25C9EF1E}.Release|Any CPU.ActiveCfg = Release|Any CPU
		{61EEE871-388E-4C17-91F6-B55E25C9EF1E}.Release|Any CPU.Build.0 = Release|Any CPU
		{61EEE871-388E-4C17-91F6-B55E25C9EF1E}.Release|x86.ActiveCfg = Release|Any CPU
	EndGlobalSection
	GlobalSection(SolutionProperties) = preSolution
		HideSolutionNode = FALSE
	EndGlobalSection
	GlobalSection(NestedProjects) = preSolution
		{CCFD427B-78C8-4C3F-A235-E376373CAF33} = {4933AD32-E621-4C1F-B4C7-DA582246B6D2}
		{4C19174D-41B2-4BE6-946F-D87A2CB88A84} = {4933AD32-E621-4C1F-B4C7-DA582246B6D2}
		{AC759AC7-DCCE-4582-A908-F0EF54ADF4E5} = {4933AD32-E621-4C1F-B4C7-DA582246B6D2}
		{7E94E3D9-F98F-4087-AF34-BD40642EE2DC} = {4933AD32-E621-4C1F-B4C7-DA582246B6D2}
		{F07B71EB-9D67-4AA5-AC7B-FBE392229085} = {4933AD32-E621-4C1F-B4C7-DA582246B6D2}
		{61EEE871-388E-4C17-91F6-B55E25C9EF1E} = {4933AD32-E621-4C1F-B4C7-DA582246B6D2}
	EndGlobalSection
EndGlobal
